// !$*UTF8*$!
{
	archiveVersion = 1;
	classes = {
	};
	objectVersion = 53;
	objects = {

/* Begin PBXBuildFile section */
		7E75E7F22A793A8D00491F8E /* EventkitUiViewController.swift in Sources */ = {isa = PBXBuildFile; fileRef = 7E75E7F12A793A8D00491F8E /* EventkitUiViewController.swift */; };
		7E827B922A77D09500E2095B /* MainView.swift in Sources */ = {isa = PBXBuildFile; fileRef = 7E827B912A77D09500E2095B /* MainView.swift */; };
		7E827B942A77D3F100E2095B /* HomeSideBarView.swift in Sources */ = {isa = PBXBuildFile; fileRef = 7E827B932A77D3F100E2095B /* HomeSideBarView.swift */; };
		7E827B972A77FD2200E2095B /* EventDetailCompactView.swift in Sources */ = {isa = PBXBuildFile; fileRef = 7E827B962A77FD2200E2095B /* EventDetailCompactView.swift */; };
		7E827B992A77FD3C00E2095B /* EventDetailRegularView.swift in Sources */ = {isa = PBXBuildFile; fileRef = 7E827B982A77FD3C00E2095B /* EventDetailRegularView.swift */; };
		7E827B9B2A781C2300E2095B /* StringExtension.swift in Sources */ = {isa = PBXBuildFile; fileRef = 7E827B9A2A781C2300E2095B /* StringExtension.swift */; };
		7E827B9C2A781C2300E2095B /* StringExtension.swift in Sources */ = {isa = PBXBuildFile; fileRef = 7E827B9A2A781C2300E2095B /* StringExtension.swift */; };
		7E827B9F2A781CA700E2095B /* UIImageExtension.swift in Sources */ = {isa = PBXBuildFile; fileRef = 7E827B9E2A781CA700E2095B /* UIImageExtension.swift */; };
		7E827BA02A781CA700E2095B /* UIImageExtension.swift in Sources */ = {isa = PBXBuildFile; fileRef = 7E827B9E2A781CA700E2095B /* UIImageExtension.swift */; };
		7E827BA22A7824CF00E2095B /* EventDetailViewRegularButton.swift in Sources */ = {isa = PBXBuildFile; fileRef = 7E827BA12A7824CF00E2095B /* EventDetailViewRegularButton.swift */; };
		7E827BA32A7824CF00E2095B /* EventDetailViewRegularButton.swift in Sources */ = {isa = PBXBuildFile; fileRef = 7E827BA12A7824CF00E2095B /* EventDetailViewRegularButton.swift */; };
		7E827BA52A792A9900E2095B /* DeepLinkHelpers.swift in Sources */ = {isa = PBXBuildFile; fileRef = 7E827BA42A792A9900E2095B /* DeepLinkHelpers.swift */; };
		7E86E7BF2A72E34400F324E5 /* DiscoverEventsView.swift in Sources */ = {isa = PBXBuildFile; fileRef = 7E86E7BE2A72E34400F324E5 /* DiscoverEventsView.swift */; };
		7E86E7C22A72F29500F324E5 /* EventDetailView.swift in Sources */ = {isa = PBXBuildFile; fileRef = 7E86E7C12A72F29500F324E5 /* EventDetailView.swift */; };
		7E86E7C42A72F68600F324E5 /* EventDetailViewButton.swift in Sources */ = {isa = PBXBuildFile; fileRef = 7E86E7C32A72F68600F324E5 /* EventDetailViewButton.swift */; };
		7E86E7CE2A742C4300F324E5 /* WidgetKit.framework in Frameworks */ = {isa = PBXBuildFile; fileRef = 7E86E7CD2A742C4300F324E5 /* WidgetKit.framework */; };
		7E86E7D02A742C4300F324E5 /* SwiftUI.framework in Frameworks */ = {isa = PBXBuildFile; fileRef = 7E86E7CF2A742C4300F324E5 /* SwiftUI.framework */; };
		7E86E7D32A742C4300F324E5 /* EventListWidgetiOSBundle.swift in Sources */ = {isa = PBXBuildFile; fileRef = 7E86E7D22A742C4300F324E5 /* EventListWidgetiOSBundle.swift */; };
		7E86E7D52A742C4300F324E5 /* EventListWidgetiOS.swift in Sources */ = {isa = PBXBuildFile; fileRef = 7E86E7D42A742C4300F324E5 /* EventListWidgetiOS.swift */; };
		7E86E7D72A742C4900F324E5 /* Assets.xcassets in Resources */ = {isa = PBXBuildFile; fileRef = 7E86E7D62A742C4900F324E5 /* Assets.xcassets */; };
		7E86E7DB2A742C4900F324E5 /* EventListWidgetiOSExtension.appex in Embed Foundation Extensions */ = {isa = PBXBuildFile; fileRef = 7E86E7CB2A742C4300F324E5 /* EventListWidgetiOSExtension.appex */; settings = {ATTRIBUTES = (RemoveHeadersOnCopy, ); }; };
		7E86E7E12A74300900F324E5 /* SwiftDate in Frameworks */ = {isa = PBXBuildFile; productRef = 7E86E7E02A74300900F324E5 /* SwiftDate */; };
		7E86E7E32A74300D00F324E5 /* UIColor_Hex_Swift in Frameworks */ = {isa = PBXBuildFile; productRef = 7E86E7E22A74300D00F324E5 /* UIColor_Hex_Swift */; };
		7E86E7E42A74302600F324E5 /* DataController.swift in Sources */ = {isa = PBXBuildFile; fileRef = BCD33515269CA5B900FD0013 /* DataController.swift */; };
		7E86E7E52A74302A00F324E5 /* EventEntity.swift in Sources */ = {isa = PBXBuildFile; fileRef = BCD781222694E025003D3D9A /* EventEntity.swift */; };
		BC2BE5A7269DB2A5003C57B1 /* EventsListView.swift in Sources */ = {isa = PBXBuildFile; fileRef = BC2BE5A6269DB2A5003C57B1 /* EventsListView.swift */; };
		BC2BE5A9269DBB2C003C57B1 /* PastEventsView.swift in Sources */ = {isa = PBXBuildFile; fileRef = BC2BE5A8269DBB2C003C57B1 /* PastEventsView.swift */; };
		BCD3350E269C79E400FD0013 /* EventTileView.swift in Sources */ = {isa = PBXBuildFile; fileRef = BCD3350D269C79E400FD0013 /* EventTileView.swift */; };
		BCD33514269C89A700FD0013 /* SwiftDate in Frameworks */ = {isa = PBXBuildFile; productRef = BCD33513269C89A700FD0013 /* SwiftDate */; };
		BCD33516269CA5B900FD0013 /* DataController.swift in Sources */ = {isa = PBXBuildFile; fileRef = BCD33515269CA5B900FD0013 /* DataController.swift */; };
		BCD33519269CB6A900FD0013 /* UIColor_Hex_Swift in Frameworks */ = {isa = PBXBuildFile; productRef = BCD33518269CB6A900FD0013 /* UIColor_Hex_Swift */; };
		BCD780F42694D54F003D3D9A /* SwiftUITesteApp.swift in Sources */ = {isa = PBXBuildFile; fileRef = BCD780F32694D54F003D3D9A /* SwiftUITesteApp.swift */; };
		BCD780F62694D54F003D3D9A /* HomeTabView.swift in Sources */ = {isa = PBXBuildFile; fileRef = BCD780F52694D54F003D3D9A /* HomeTabView.swift */; };
		BCD780F82694D553003D3D9A /* Assets.xcassets in Resources */ = {isa = PBXBuildFile; fileRef = BCD780F72694D553003D3D9A /* Assets.xcassets */; };
		BCD780FB2694D553003D3D9A /* Preview Assets.xcassets in Resources */ = {isa = PBXBuildFile; fileRef = BCD780FA2694D553003D3D9A /* Preview Assets.xcassets */; };
		BCD781062694D553003D3D9A /* SwiftUITesteTests.swift in Sources */ = {isa = PBXBuildFile; fileRef = BCD781052694D553003D3D9A /* SwiftUITesteTests.swift */; };
		BCD781112694D553003D3D9A /* SwiftUITesteUITests.swift in Sources */ = {isa = PBXBuildFile; fileRef = BCD781102694D553003D3D9A /* SwiftUITesteUITests.swift */; };
		BCD7811F2694D6F8003D3D9A /* UpcomingView.swift in Sources */ = {isa = PBXBuildFile; fileRef = BCD7811E2694D6F8003D3D9A /* UpcomingView.swift */; };
		BCD781212694DCEF003D3D9A /* CreateNewEventView.swift in Sources */ = {isa = PBXBuildFile; fileRef = BCD781202694DCEF003D3D9A /* CreateNewEventView.swift */; };
		BCD781232694E025003D3D9A /* EventEntity.swift in Sources */ = {isa = PBXBuildFile; fileRef = BCD781222694E025003D3D9A /* EventEntity.swift */; };
		BCD781252694E78D003D3D9A /* EventLabelView.swift in Sources */ = {isa = PBXBuildFile; fileRef = BCD781242694E78D003D3D9A /* EventLabelView.swift */; };
		BCE609702695BFBA00C3E4A0 /* ImagePickerSwiftUIHelper.swift in Sources */ = {isa = PBXBuildFile; fileRef = BCE6096F2695BFBA00C3E4A0 /* ImagePickerSwiftUIHelper.swift */; };
/* End PBXBuildFile section */

/* Begin PBXContainerItemProxy section */
		7E86E7D92A742C4900F324E5 /* PBXContainerItemProxy */ = {
			isa = PBXContainerItemProxy;
			containerPortal = BCD780E82694D54F003D3D9A /* Project object */;
			proxyType = 1;
			remoteGlobalIDString = 7E86E7CA2A742C4300F324E5;
			remoteInfo = EventListWidgetiOSExtension;
		};
		BCD781022694D553003D3D9A /* PBXContainerItemProxy */ = {
			isa = PBXContainerItemProxy;
			containerPortal = BCD780E82694D54F003D3D9A /* Project object */;
			proxyType = 1;
			remoteGlobalIDString = BCD780EF2694D54F003D3D9A;
			remoteInfo = SwiftUITeste;
		};
		BCD7810D2694D553003D3D9A /* PBXContainerItemProxy */ = {
			isa = PBXContainerItemProxy;
			containerPortal = BCD780E82694D54F003D3D9A /* Project object */;
			proxyType = 1;
			remoteGlobalIDString = BCD780EF2694D54F003D3D9A;
			remoteInfo = SwiftUITeste;
		};
/* End PBXContainerItemProxy section */

/* Begin PBXCopyFilesBuildPhase section */
		7E86E7DF2A742C4900F324E5 /* Embed Foundation Extensions */ = {
			isa = PBXCopyFilesBuildPhase;
			buildActionMask = 2147483647;
			dstPath = "";
			dstSubfolderSpec = 13;
			files = (
				7E86E7DB2A742C4900F324E5 /* EventListWidgetiOSExtension.appex in Embed Foundation Extensions */,
			);
			name = "Embed Foundation Extensions";
			runOnlyForDeploymentPostprocessing = 0;
		};
/* End PBXCopyFilesBuildPhase section */

/* Begin PBXFileReference section */
		7E75E7F12A793A8D00491F8E /* EventkitUiViewController.swift */ = {isa = PBXFileReference; lastKnownFileType = sourcecode.swift; path = EventkitUiViewController.swift; sourceTree = "<group>"; };
		7E827B912A77D09500E2095B /* MainView.swift */ = {isa = PBXFileReference; lastKnownFileType = sourcecode.swift; path = MainView.swift; sourceTree = "<group>"; };
		7E827B932A77D3F100E2095B /* HomeSideBarView.swift */ = {isa = PBXFileReference; lastKnownFileType = sourcecode.swift; path = HomeSideBarView.swift; sourceTree = "<group>"; };
		7E827B962A77FD2200E2095B /* EventDetailCompactView.swift */ = {isa = PBXFileReference; lastKnownFileType = sourcecode.swift; path = EventDetailCompactView.swift; sourceTree = "<group>"; };
		7E827B982A77FD3C00E2095B /* EventDetailRegularView.swift */ = {isa = PBXFileReference; lastKnownFileType = sourcecode.swift; path = EventDetailRegularView.swift; sourceTree = "<group>"; };
		7E827B9A2A781C2300E2095B /* StringExtension.swift */ = {isa = PBXFileReference; lastKnownFileType = sourcecode.swift; path = StringExtension.swift; sourceTree = "<group>"; };
		7E827B9E2A781CA700E2095B /* UIImageExtension.swift */ = {isa = PBXFileReference; lastKnownFileType = sourcecode.swift; path = UIImageExtension.swift; sourceTree = "<group>"; };
		7E827BA12A7824CF00E2095B /* EventDetailViewRegularButton.swift */ = {isa = PBXFileReference; lastKnownFileType = sourcecode.swift; path = EventDetailViewRegularButton.swift; sourceTree = "<group>"; };
		7E827BA42A792A9900E2095B /* DeepLinkHelpers.swift */ = {isa = PBXFileReference; lastKnownFileType = sourcecode.swift; path = DeepLinkHelpers.swift; sourceTree = "<group>"; };
		7E86E7BE2A72E34400F324E5 /* DiscoverEventsView.swift */ = {isa = PBXFileReference; lastKnownFileType = sourcecode.swift; path = DiscoverEventsView.swift; sourceTree = "<group>"; };
		7E86E7C12A72F29500F324E5 /* EventDetailView.swift */ = {isa = PBXFileReference; lastKnownFileType = sourcecode.swift; path = EventDetailView.swift; sourceTree = "<group>"; };
		7E86E7C32A72F68600F324E5 /* EventDetailViewButton.swift */ = {isa = PBXFileReference; lastKnownFileType = sourcecode.swift; path = EventDetailViewButton.swift; sourceTree = "<group>"; };
		7E86E7CB2A742C4300F324E5 /* EventListWidgetiOSExtension.appex */ = {isa = PBXFileReference; explicitFileType = "wrapper.app-extension"; includeInIndex = 0; path = EventListWidgetiOSExtension.appex; sourceTree = BUILT_PRODUCTS_DIR; };
		7E86E7CD2A742C4300F324E5 /* WidgetKit.framework */ = {isa = PBXFileReference; lastKnownFileType = wrapper.framework; name = WidgetKit.framework; path = System/Library/Frameworks/WidgetKit.framework; sourceTree = SDKROOT; };
		7E86E7CF2A742C4300F324E5 /* SwiftUI.framework */ = {isa = PBXFileReference; lastKnownFileType = wrapper.framework; name = SwiftUI.framework; path = System/Library/Frameworks/SwiftUI.framework; sourceTree = SDKROOT; };
		7E86E7D22A742C4300F324E5 /* EventListWidgetiOSBundle.swift */ = {isa = PBXFileReference; lastKnownFileType = sourcecode.swift; path = EventListWidgetiOSBundle.swift; sourceTree = "<group>"; };
		7E86E7D42A742C4300F324E5 /* EventListWidgetiOS.swift */ = {isa = PBXFileReference; lastKnownFileType = sourcecode.swift; path = EventListWidgetiOS.swift; sourceTree = "<group>"; };
		7E86E7D62A742C4900F324E5 /* Assets.xcassets */ = {isa = PBXFileReference; lastKnownFileType = folder.assetcatalog; path = Assets.xcassets; sourceTree = "<group>"; };
		7E86E7D82A742C4900F324E5 /* Info.plist */ = {isa = PBXFileReference; lastKnownFileType = text.plist.xml; path = Info.plist; sourceTree = "<group>"; };
		7E86E7E62A7444E600F324E5 /* Meus Eventos.entitlements */ = {isa = PBXFileReference; lastKnownFileType = text.plist.entitlements; path = "Meus Eventos.entitlements"; sourceTree = "<group>"; };
		7E86E7E72A74452900F324E5 /* EventListWidgetiOSExtension.entitlements */ = {isa = PBXFileReference; lastKnownFileType = text.plist.entitlements; path = EventListWidgetiOSExtension.entitlements; sourceTree = "<group>"; };
		BC2BE5A6269DB2A5003C57B1 /* EventsListView.swift */ = {isa = PBXFileReference; lastKnownFileType = sourcecode.swift; path = EventsListView.swift; sourceTree = "<group>"; };
		BC2BE5A8269DBB2C003C57B1 /* PastEventsView.swift */ = {isa = PBXFileReference; lastKnownFileType = sourcecode.swift; path = PastEventsView.swift; sourceTree = "<group>"; };
		BCD3350D269C79E400FD0013 /* EventTileView.swift */ = {isa = PBXFileReference; lastKnownFileType = sourcecode.swift; path = EventTileView.swift; sourceTree = "<group>"; };
		BCD33515269CA5B900FD0013 /* DataController.swift */ = {isa = PBXFileReference; lastKnownFileType = sourcecode.swift; path = DataController.swift; sourceTree = "<group>"; };
		BCD780F02694D54F003D3D9A /* Meus Eventos.app */ = {isa = PBXFileReference; explicitFileType = wrapper.application; includeInIndex = 0; path = "Meus Eventos.app"; sourceTree = BUILT_PRODUCTS_DIR; };
		BCD780F32694D54F003D3D9A /* SwiftUITesteApp.swift */ = {isa = PBXFileReference; lastKnownFileType = sourcecode.swift; path = SwiftUITesteApp.swift; sourceTree = "<group>"; };
		BCD780F52694D54F003D3D9A /* HomeTabView.swift */ = {isa = PBXFileReference; lastKnownFileType = sourcecode.swift; path = HomeTabView.swift; sourceTree = "<group>"; };
		BCD780F72694D553003D3D9A /* Assets.xcassets */ = {isa = PBXFileReference; lastKnownFileType = folder.assetcatalog; path = Assets.xcassets; sourceTree = "<group>"; };
		BCD780FA2694D553003D3D9A /* Preview Assets.xcassets */ = {isa = PBXFileReference; lastKnownFileType = folder.assetcatalog; path = "Preview Assets.xcassets"; sourceTree = "<group>"; };
		BCD780FC2694D553003D3D9A /* Info.plist */ = {isa = PBXFileReference; lastKnownFileType = text.plist.xml; path = Info.plist; sourceTree = "<group>"; };
		BCD781012694D553003D3D9A /* SwiftUITesteTests.xctest */ = {isa = PBXFileReference; explicitFileType = wrapper.cfbundle; includeInIndex = 0; path = SwiftUITesteTests.xctest; sourceTree = BUILT_PRODUCTS_DIR; };
		BCD781052694D553003D3D9A /* SwiftUITesteTests.swift */ = {isa = PBXFileReference; lastKnownFileType = sourcecode.swift; path = SwiftUITesteTests.swift; sourceTree = "<group>"; };
		BCD781072694D553003D3D9A /* Info.plist */ = {isa = PBXFileReference; lastKnownFileType = text.plist.xml; path = Info.plist; sourceTree = "<group>"; };
		BCD7810C2694D553003D3D9A /* SwiftUITesteUITests.xctest */ = {isa = PBXFileReference; explicitFileType = wrapper.cfbundle; includeInIndex = 0; path = SwiftUITesteUITests.xctest; sourceTree = BUILT_PRODUCTS_DIR; };
		BCD781102694D553003D3D9A /* SwiftUITesteUITests.swift */ = {isa = PBXFileReference; lastKnownFileType = sourcecode.swift; path = SwiftUITesteUITests.swift; sourceTree = "<group>"; };
		BCD781122694D553003D3D9A /* Info.plist */ = {isa = PBXFileReference; lastKnownFileType = text.plist.xml; path = Info.plist; sourceTree = "<group>"; };
		BCD7811E2694D6F8003D3D9A /* UpcomingView.swift */ = {isa = PBXFileReference; lastKnownFileType = sourcecode.swift; path = UpcomingView.swift; sourceTree = "<group>"; };
		BCD781202694DCEF003D3D9A /* CreateNewEventView.swift */ = {isa = PBXFileReference; lastKnownFileType = sourcecode.swift; path = CreateNewEventView.swift; sourceTree = "<group>"; };
		BCD781222694E025003D3D9A /* EventEntity.swift */ = {isa = PBXFileReference; lastKnownFileType = sourcecode.swift; path = EventEntity.swift; sourceTree = "<group>"; };
		BCD781242694E78D003D3D9A /* EventLabelView.swift */ = {isa = PBXFileReference; lastKnownFileType = sourcecode.swift; path = EventLabelView.swift; sourceTree = "<group>"; };
		BCE6096F2695BFBA00C3E4A0 /* ImagePickerSwiftUIHelper.swift */ = {isa = PBXFileReference; lastKnownFileType = sourcecode.swift; path = ImagePickerSwiftUIHelper.swift; sourceTree = "<group>"; };
/* End PBXFileReference section */

/* Begin PBXFrameworksBuildPhase section */
		7E86E7C82A742C4300F324E5 /* Frameworks */ = {
			isa = PBXFrameworksBuildPhase;
			buildActionMask = 2147483647;
			files = (
				7E86E7D02A742C4300F324E5 /* SwiftUI.framework in Frameworks */,
				7E86E7CE2A742C4300F324E5 /* WidgetKit.framework in Frameworks */,
				7E86E7E32A74300D00F324E5 /* UIColor_Hex_Swift in Frameworks */,
				7E86E7E12A74300900F324E5 /* SwiftDate in Frameworks */,
			);
			runOnlyForDeploymentPostprocessing = 0;
		};
		BCD780ED2694D54F003D3D9A /* Frameworks */ = {
			isa = PBXFrameworksBuildPhase;
			buildActionMask = 2147483647;
			files = (
				BCD33519269CB6A900FD0013 /* UIColor_Hex_Swift in Frameworks */,
				BCD33514269C89A700FD0013 /* SwiftDate in Frameworks */,
			);
			runOnlyForDeploymentPostprocessing = 0;
		};
		BCD780FE2694D553003D3D9A /* Frameworks */ = {
			isa = PBXFrameworksBuildPhase;
			buildActionMask = 2147483647;
			files = (
			);
			runOnlyForDeploymentPostprocessing = 0;
		};
		BCD781092694D553003D3D9A /* Frameworks */ = {
			isa = PBXFrameworksBuildPhase;
			buildActionMask = 2147483647;
			files = (
			);
			runOnlyForDeploymentPostprocessing = 0;
		};
/* End PBXFrameworksBuildPhase section */

/* Begin PBXGroup section */
		7E827B952A77FD0400E2095B /* EventDetailView */ = {
			isa = PBXGroup;
			children = (
				7E86E7C12A72F29500F324E5 /* EventDetailView.swift */,
				7E827B982A77FD3C00E2095B /* EventDetailRegularView.swift */,
				7E827B962A77FD2200E2095B /* EventDetailCompactView.swift */,
			);
			path = EventDetailView;
			sourceTree = "<group>";
		};
		7E827B9D2A781C2A00E2095B /* Extensions */ = {
			isa = PBXGroup;
			children = (
				7E827B9A2A781C2300E2095B /* StringExtension.swift */,
				7E827B9E2A781CA700E2095B /* UIImageExtension.swift */,
			);
			path = Extensions;
			sourceTree = "<group>";
		};
		7E86E7C02A72F25C00F324E5 /* Tabs */ = {
			isa = PBXGroup;
			children = (
				BCD7811E2694D6F8003D3D9A /* UpcomingView.swift */,
				7E86E7BE2A72E34400F324E5 /* DiscoverEventsView.swift */,
				BC2BE5A8269DBB2C003C57B1 /* PastEventsView.swift */,
			);
			path = Tabs;
			sourceTree = "<group>";
		};
		7E86E7C52A73CAE600F324E5 /* Views */ = {
			isa = PBXGroup;
			children = (
				BC2BE5A6269DB2A5003C57B1 /* EventsListView.swift */,
				BCD781202694DCEF003D3D9A /* CreateNewEventView.swift */,
				7E827B952A77FD0400E2095B /* EventDetailView */,
			);
			path = Views;
			sourceTree = "<group>";
		};
		7E86E7C62A73CAFA00F324E5 /* Components */ = {
			isa = PBXGroup;
			children = (
				BCD781242694E78D003D3D9A /* EventLabelView.swift */,
				BCD3350D269C79E400FD0013 /* EventTileView.swift */,
				7E86E7C32A72F68600F324E5 /* EventDetailViewButton.swift */,
				7E827BA12A7824CF00E2095B /* EventDetailViewRegularButton.swift */,
			);
			path = Components;
			sourceTree = "<group>";
		};
		7E86E7CC2A742C4300F324E5 /* Frameworks */ = {
			isa = PBXGroup;
			children = (
				7E86E7CD2A742C4300F324E5 /* WidgetKit.framework */,
				7E86E7CF2A742C4300F324E5 /* SwiftUI.framework */,
			);
			name = Frameworks;
			sourceTree = "<group>";
		};
		7E86E7D12A742C4300F324E5 /* EventListWidgetiOS */ = {
			isa = PBXGroup;
			children = (
				7E86E7D22A742C4300F324E5 /* EventListWidgetiOSBundle.swift */,
				7E86E7D42A742C4300F324E5 /* EventListWidgetiOS.swift */,
				7E86E7D62A742C4900F324E5 /* Assets.xcassets */,
				7E86E7D82A742C4900F324E5 /* Info.plist */,
			);
			path = EventListWidgetiOS;
			sourceTree = "<group>";
		};
		BCD3350F269C86AA00FD0013 /* SwiftUIViews */ = {
			isa = PBXGroup;
			children = (
				7E86E7C02A72F25C00F324E5 /* Tabs */,
				7E86E7C52A73CAE600F324E5 /* Views */,
				7E86E7C62A73CAFA00F324E5 /* Components */,
			);
			path = SwiftUIViews;
			sourceTree = "<group>";
		};
		BCD33510269C86DF00FD0013 /* Helpers */ = {
			isa = PBXGroup;
			children = (
				7E75E7F12A793A8D00491F8E /* EventkitUiViewController.swift */,
				BCE6096F2695BFBA00C3E4A0 /* ImagePickerSwiftUIHelper.swift */,
				7E827BA42A792A9900E2095B /* DeepLinkHelpers.swift */,
			);
			path = Helpers;
			sourceTree = "<group>";
		};
		BCD33511269C86EC00FD0013 /* Data */ = {
			isa = PBXGroup;
			children = (
				BCD781222694E025003D3D9A /* EventEntity.swift */,
				BCD33515269CA5B900FD0013 /* DataController.swift */,
			);
			path = Data;
			sourceTree = "<group>";
		};
		BCD780E72694D54F003D3D9A = {
			isa = PBXGroup;
			children = (
				7E86E7E72A74452900F324E5 /* EventListWidgetiOSExtension.entitlements */,
				7E86E7E62A7444E600F324E5 /* Meus Eventos.entitlements */,
				BCD780F22694D54F003D3D9A /* SwiftUITeste */,
				BCD781042694D553003D3D9A /* SwiftUITesteTests */,
				BCD7810F2694D553003D3D9A /* SwiftUITesteUITests */,
				7E86E7D12A742C4300F324E5 /* EventListWidgetiOS */,
				7E86E7CC2A742C4300F324E5 /* Frameworks */,
				BCD780F12694D54F003D3D9A /* Products */,
			);
			sourceTree = "<group>";
		};
		BCD780F12694D54F003D3D9A /* Products */ = {
			isa = PBXGroup;
			children = (
				BCD780F02694D54F003D3D9A /* Meus Eventos.app */,
				BCD781012694D553003D3D9A /* SwiftUITesteTests.xctest */,
				BCD7810C2694D553003D3D9A /* SwiftUITesteUITests.xctest */,
				7E86E7CB2A742C4300F324E5 /* EventListWidgetiOSExtension.appex */,
			);
			name = Products;
			sourceTree = "<group>";
		};
		BCD780F22694D54F003D3D9A /* SwiftUITeste */ = {
			isa = PBXGroup;
			children = (
				BCD780F32694D54F003D3D9A /* SwiftUITesteApp.swift */,
				7E827B912A77D09500E2095B /* MainView.swift */,
				BCD780F52694D54F003D3D9A /* HomeTabView.swift */,
				7E827B932A77D3F100E2095B /* HomeSideBarView.swift */,
				BCD3350F269C86AA00FD0013 /* SwiftUIViews */,
				BCD33511269C86EC00FD0013 /* Data */,
				7E827B9D2A781C2A00E2095B /* Extensions */,
				BCD33510269C86DF00FD0013 /* Helpers */,
				BCD780F72694D553003D3D9A /* Assets.xcassets */,
				BCD780FC2694D553003D3D9A /* Info.plist */,
				BCD780F92694D553003D3D9A /* Preview Content */,
			);
			path = SwiftUITeste;
			sourceTree = "<group>";
		};
		BCD780F92694D553003D3D9A /* Preview Content */ = {
			isa = PBXGroup;
			children = (
				BCD780FA2694D553003D3D9A /* Preview Assets.xcassets */,
			);
			path = "Preview Content";
			sourceTree = "<group>";
		};
		BCD781042694D553003D3D9A /* SwiftUITesteTests */ = {
			isa = PBXGroup;
			children = (
				BCD781052694D553003D3D9A /* SwiftUITesteTests.swift */,
				BCD781072694D553003D3D9A /* Info.plist */,
			);
			path = SwiftUITesteTests;
			sourceTree = "<group>";
		};
		BCD7810F2694D553003D3D9A /* SwiftUITesteUITests */ = {
			isa = PBXGroup;
			children = (
				BCD781102694D553003D3D9A /* SwiftUITesteUITests.swift */,
				BCD781122694D553003D3D9A /* Info.plist */,
			);
			path = SwiftUITesteUITests;
			sourceTree = "<group>";
		};
/* End PBXGroup section */

/* Begin PBXNativeTarget section */
		7E86E7CA2A742C4300F324E5 /* EventListWidgetiOSExtension */ = {
			isa = PBXNativeTarget;
			buildConfigurationList = 7E86E7DC2A742C4900F324E5 /* Build configuration list for PBXNativeTarget "EventListWidgetiOSExtension" */;
			buildPhases = (
				7E86E7C72A742C4300F324E5 /* Sources */,
				7E86E7C82A742C4300F324E5 /* Frameworks */,
				7E86E7C92A742C4300F324E5 /* Resources */,
			);
			buildRules = (
			);
			dependencies = (
			);
			name = EventListWidgetiOSExtension;
			packageProductDependencies = (
				7E86E7E02A74300900F324E5 /* SwiftDate */,
				7E86E7E22A74300D00F324E5 /* UIColor_Hex_Swift */,
			);
			productName = EventListWidgetiOSExtension;
			productReference = 7E86E7CB2A742C4300F324E5 /* EventListWidgetiOSExtension.appex */;
			productType = "com.apple.product-type.app-extension";
		};
		BCD780EF2694D54F003D3D9A /* Meus Eventos */ = {
			isa = PBXNativeTarget;
			buildConfigurationList = BCD781152694D553003D3D9A /* Build configuration list for PBXNativeTarget "Meus Eventos" */;
			buildPhases = (
				BCD780EC2694D54F003D3D9A /* Sources */,
				BCD780ED2694D54F003D3D9A /* Frameworks */,
				BCD780EE2694D54F003D3D9A /* Resources */,
				7E86E7DF2A742C4900F324E5 /* Embed Foundation Extensions */,
			);
			buildRules = (
			);
			dependencies = (
				7E86E7DA2A742C4900F324E5 /* PBXTargetDependency */,
			);
			name = "Meus Eventos";
			packageProductDependencies = (
				BCD33513269C89A700FD0013 /* SwiftDate */,
				BCD33518269CB6A900FD0013 /* UIColor_Hex_Swift */,
			);
			productName = SwiftUITeste;
			productReference = BCD780F02694D54F003D3D9A /* Meus Eventos.app */;
			productType = "com.apple.product-type.application";
		};
		BCD781002694D553003D3D9A /* SwiftUITesteTests */ = {
			isa = PBXNativeTarget;
			buildConfigurationList = BCD781182694D553003D3D9A /* Build configuration list for PBXNativeTarget "SwiftUITesteTests" */;
			buildPhases = (
				BCD780FD2694D553003D3D9A /* Sources */,
				BCD780FE2694D553003D3D9A /* Frameworks */,
				BCD780FF2694D553003D3D9A /* Resources */,
			);
			buildRules = (
			);
			dependencies = (
				BCD781032694D553003D3D9A /* PBXTargetDependency */,
			);
			name = SwiftUITesteTests;
			productName = SwiftUITesteTests;
			productReference = BCD781012694D553003D3D9A /* SwiftUITesteTests.xctest */;
			productType = "com.apple.product-type.bundle.unit-test";
		};
		BCD7810B2694D553003D3D9A /* SwiftUITesteUITests */ = {
			isa = PBXNativeTarget;
			buildConfigurationList = BCD7811B2694D553003D3D9A /* Build configuration list for PBXNativeTarget "SwiftUITesteUITests" */;
			buildPhases = (
				BCD781082694D553003D3D9A /* Sources */,
				BCD781092694D553003D3D9A /* Frameworks */,
				BCD7810A2694D553003D3D9A /* Resources */,
			);
			buildRules = (
			);
			dependencies = (
				BCD7810E2694D553003D3D9A /* PBXTargetDependency */,
			);
			name = SwiftUITesteUITests;
			productName = SwiftUITesteUITests;
			productReference = BCD7810C2694D553003D3D9A /* SwiftUITesteUITests.xctest */;
			productType = "com.apple.product-type.bundle.ui-testing";
		};
/* End PBXNativeTarget section */

/* Begin PBXProject section */
		BCD780E82694D54F003D3D9A /* Project object */ = {
			isa = PBXProject;
			attributes = {
				BuildIndependentTargetsInParallel = YES;
				LastSwiftUpdateCheck = 1430;
				LastUpgradeCheck = 1430;
				TargetAttributes = {
					7E86E7CA2A742C4300F324E5 = {
						CreatedOnToolsVersion = 14.3;
					};
					BCD780EF2694D54F003D3D9A = {
						CreatedOnToolsVersion = 12.5;
					};
					BCD781002694D553003D3D9A = {
						CreatedOnToolsVersion = 12.5;
						TestTargetID = BCD780EF2694D54F003D3D9A;
					};
					BCD7810B2694D553003D3D9A = {
						CreatedOnToolsVersion = 12.5;
						TestTargetID = BCD780EF2694D54F003D3D9A;
					};
				};
			};
			buildConfigurationList = BCD780EB2694D54F003D3D9A /* Build configuration list for PBXProject "SwiftUITeste" */;
			compatibilityVersion = "Xcode 9.3";
			developmentRegion = en;
			hasScannedForEncodings = 0;
			knownRegions = (
				en,
				Base,
			);
			mainGroup = BCD780E72694D54F003D3D9A;
			packageReferences = (
				BCD33512269C89A700FD0013 /* XCRemoteSwiftPackageReference "SwiftDate" */,
				BCD33517269CB6A900FD0013 /* XCRemoteSwiftPackageReference "UIColor-Hex-Swift" */,
			);
			productRefGroup = BCD780F12694D54F003D3D9A /* Products */;
			projectDirPath = "";
			projectRoot = "";
			targets = (
				BCD780EF2694D54F003D3D9A /* Meus Eventos */,
				BCD781002694D553003D3D9A /* SwiftUITesteTests */,
				BCD7810B2694D553003D3D9A /* SwiftUITesteUITests */,
				7E86E7CA2A742C4300F324E5 /* EventListWidgetiOSExtension */,
			);
		};
/* End PBXProject section */

/* Begin PBXResourcesBuildPhase section */
		7E86E7C92A742C4300F324E5 /* Resources */ = {
			isa = PBXResourcesBuildPhase;
			buildActionMask = 2147483647;
			files = (
				7E86E7D72A742C4900F324E5 /* Assets.xcassets in Resources */,
			);
			runOnlyForDeploymentPostprocessing = 0;
		};
		BCD780EE2694D54F003D3D9A /* Resources */ = {
			isa = PBXResourcesBuildPhase;
			buildActionMask = 2147483647;
			files = (
				BCD780FB2694D553003D3D9A /* Preview Assets.xcassets in Resources */,
				BCD780F82694D553003D3D9A /* Assets.xcassets in Resources */,
			);
			runOnlyForDeploymentPostprocessing = 0;
		};
		BCD780FF2694D553003D3D9A /* Resources */ = {
			isa = PBXResourcesBuildPhase;
			buildActionMask = 2147483647;
			files = (
			);
			runOnlyForDeploymentPostprocessing = 0;
		};
		BCD7810A2694D553003D3D9A /* Resources */ = {
			isa = PBXResourcesBuildPhase;
			buildActionMask = 2147483647;
			files = (
			);
			runOnlyForDeploymentPostprocessing = 0;
		};
/* End PBXResourcesBuildPhase section */

/* Begin PBXSourcesBuildPhase section */
		7E86E7C72A742C4300F324E5 /* Sources */ = {
			isa = PBXSourcesBuildPhase;
			buildActionMask = 2147483647;
			files = (
				7E86E7D52A742C4300F324E5 /* EventListWidgetiOS.swift in Sources */,
				7E827BA32A7824CF00E2095B /* EventDetailViewRegularButton.swift in Sources */,
				7E86E7E42A74302600F324E5 /* DataController.swift in Sources */,
				7E827B9C2A781C2300E2095B /* StringExtension.swift in Sources */,
				7E86E7D32A742C4300F324E5 /* EventListWidgetiOSBundle.swift in Sources */,
				7E86E7E52A74302A00F324E5 /* EventEntity.swift in Sources */,
				7E827BA02A781CA700E2095B /* UIImageExtension.swift in Sources */,
			);
			runOnlyForDeploymentPostprocessing = 0;
		};
		BCD780EC2694D54F003D3D9A /* Sources */ = {
			isa = PBXSourcesBuildPhase;
			buildActionMask = 2147483647;
			files = (
				7E86E7C42A72F68600F324E5 /* EventDetailViewButton.swift in Sources */,
				7E827BA52A792A9900E2095B /* DeepLinkHelpers.swift in Sources */,
				BCD780F62694D54F003D3D9A /* HomeTabView.swift in Sources */,
				7E86E7C22A72F29500F324E5 /* EventDetailView.swift in Sources */,
				7E827B9F2A781CA700E2095B /* UIImageExtension.swift in Sources */,
				BC2BE5A7269DB2A5003C57B1 /* EventsListView.swift in Sources */,
				7E86E7BF2A72E34400F324E5 /* DiscoverEventsView.swift in Sources */,
				BCD3350E269C79E400FD0013 /* EventTileView.swift in Sources */,
				7E75E7F22A793A8D00491F8E /* EventkitUiViewController.swift in Sources */,
				BCD781232694E025003D3D9A /* EventEntity.swift in Sources */,
				7E827BA22A7824CF00E2095B /* EventDetailViewRegularButton.swift in Sources */,
				BCD781252694E78D003D3D9A /* EventLabelView.swift in Sources */,
				7E827B972A77FD2200E2095B /* EventDetailCompactView.swift in Sources */,
				BCD33516269CA5B900FD0013 /* DataController.swift in Sources */,
				BCD780F42694D54F003D3D9A /* SwiftUITesteApp.swift in Sources */,
				BCE609702695BFBA00C3E4A0 /* ImagePickerSwiftUIHelper.swift in Sources */,
				BCD7811F2694D6F8003D3D9A /* UpcomingView.swift in Sources */,
				BC2BE5A9269DBB2C003C57B1 /* PastEventsView.swift in Sources */,
				7E827B922A77D09500E2095B /* MainView.swift in Sources */,
				7E827B992A77FD3C00E2095B /* EventDetailRegularView.swift in Sources */,
				7E827B9B2A781C2300E2095B /* StringExtension.swift in Sources */,
				7E827B942A77D3F100E2095B /* HomeSideBarView.swift in Sources */,
				BCD781212694DCEF003D3D9A /* CreateNewEventView.swift in Sources */,
			);
			runOnlyForDeploymentPostprocessing = 0;
		};
		BCD780FD2694D553003D3D9A /* Sources */ = {
			isa = PBXSourcesBuildPhase;
			buildActionMask = 2147483647;
			files = (
				BCD781062694D553003D3D9A /* SwiftUITesteTests.swift in Sources */,
			);
			runOnlyForDeploymentPostprocessing = 0;
		};
		BCD781082694D553003D3D9A /* Sources */ = {
			isa = PBXSourcesBuildPhase;
			buildActionMask = 2147483647;
			files = (
				BCD781112694D553003D3D9A /* SwiftUITesteUITests.swift in Sources */,
			);
			runOnlyForDeploymentPostprocessing = 0;
		};
/* End PBXSourcesBuildPhase section */

/* Begin PBXTargetDependency section */
		7E86E7DA2A742C4900F324E5 /* PBXTargetDependency */ = {
			isa = PBXTargetDependency;
			target = 7E86E7CA2A742C4300F324E5 /* EventListWidgetiOSExtension */;
			targetProxy = 7E86E7D92A742C4900F324E5 /* PBXContainerItemProxy */;
		};
		BCD781032694D553003D3D9A /* PBXTargetDependency */ = {
			isa = PBXTargetDependency;
			target = BCD780EF2694D54F003D3D9A /* Meus Eventos */;
			targetProxy = BCD781022694D553003D3D9A /* PBXContainerItemProxy */;
		};
		BCD7810E2694D553003D3D9A /* PBXTargetDependency */ = {
			isa = PBXTargetDependency;
			target = BCD780EF2694D54F003D3D9A /* Meus Eventos */;
			targetProxy = BCD7810D2694D553003D3D9A /* PBXContainerItemProxy */;
		};
/* End PBXTargetDependency section */

/* Begin XCBuildConfiguration section */
		7E86E7DD2A742C4900F324E5 /* Debug */ = {
			isa = XCBuildConfiguration;
			buildSettings = {
				ASSETCATALOG_COMPILER_GLOBAL_ACCENT_COLOR_NAME = AccentColor;
				ASSETCATALOG_COMPILER_WIDGET_BACKGROUND_COLOR_NAME = WidgetBackground;
				CLANG_CXX_LANGUAGE_STANDARD = "gnu++20";
				CODE_SIGN_ENTITLEMENTS = EventListWidgetiOSExtension.entitlements;
				CODE_SIGN_STYLE = Automatic;
				CURRENT_PROJECT_VERSION = 1;
				DEVELOPMENT_TEAM = 9YPJ8Q5GZ7;
				GENERATE_INFOPLIST_FILE = YES;
				INFOPLIST_FILE = EventListWidgetiOS/Info.plist;
				INFOPLIST_KEY_CFBundleDisplayName = EventListWidgetiOS;
				INFOPLIST_KEY_NSHumanReadableCopyright = "";
				IPHONEOS_DEPLOYMENT_TARGET = 16.4;
				LD_RUNPATH_SEARCH_PATHS = (
					"$(inherited)",
					"@executable_path/Frameworks",
					"@executable_path/../../Frameworks",
				);
				MARKETING_VERSION = 1.0;
				PRODUCT_BUNDLE_IDENTIFIER = br.com.SwiftUITeste.EventListWidgetiOS;
				PRODUCT_NAME = "$(TARGET_NAME)";
				SKIP_INSTALL = YES;
				SWIFT_EMIT_LOC_STRINGS = YES;
				SWIFT_VERSION = 5.0;
				TARGETED_DEVICE_FAMILY = "1,2";
			};
			name = Debug;
		};
		7E86E7DE2A742C4900F324E5 /* Release */ = {
			isa = XCBuildConfiguration;
			buildSettings = {
				ASSETCATALOG_COMPILER_GLOBAL_ACCENT_COLOR_NAME = AccentColor;
				ASSETCATALOG_COMPILER_WIDGET_BACKGROUND_COLOR_NAME = WidgetBackground;
				CLANG_CXX_LANGUAGE_STANDARD = "gnu++20";
				CODE_SIGN_ENTITLEMENTS = EventListWidgetiOSExtension.entitlements;
				CODE_SIGN_STYLE = Automatic;
				CURRENT_PROJECT_VERSION = 1;
				DEVELOPMENT_TEAM = 9YPJ8Q5GZ7;
				GENERATE_INFOPLIST_FILE = YES;
				INFOPLIST_FILE = EventListWidgetiOS/Info.plist;
				INFOPLIST_KEY_CFBundleDisplayName = EventListWidgetiOS;
				INFOPLIST_KEY_NSHumanReadableCopyright = "";
				IPHONEOS_DEPLOYMENT_TARGET = 16.4;
				LD_RUNPATH_SEARCH_PATHS = (
					"$(inherited)",
					"@executable_path/Frameworks",
					"@executable_path/../../Frameworks",
				);
				MARKETING_VERSION = 1.0;
				PRODUCT_BUNDLE_IDENTIFIER = br.com.SwiftUITeste.EventListWidgetiOS;
				PRODUCT_NAME = "$(TARGET_NAME)";
				SKIP_INSTALL = YES;
				SWIFT_EMIT_LOC_STRINGS = YES;
				SWIFT_VERSION = 5.0;
				TARGETED_DEVICE_FAMILY = "1,2";
			};
			name = Release;
		};
		BCD781132694D553003D3D9A /* Debug */ = {
			isa = XCBuildConfiguration;
			buildSettings = {
				ALWAYS_SEARCH_USER_PATHS = NO;
				CLANG_ANALYZER_NONNULL = YES;
				CLANG_ANALYZER_NUMBER_OBJECT_CONVERSION = YES_AGGRESSIVE;
				CLANG_CXX_LANGUAGE_STANDARD = "gnu++14";
				CLANG_CXX_LIBRARY = "libc++";
				CLANG_ENABLE_MODULES = YES;
				CLANG_ENABLE_OBJC_ARC = YES;
				CLANG_ENABLE_OBJC_WEAK = YES;
				CLANG_WARN_BLOCK_CAPTURE_AUTORELEASING = YES;
				CLANG_WARN_BOOL_CONVERSION = YES;
				CLANG_WARN_COMMA = YES;
				CLANG_WARN_CONSTANT_CONVERSION = YES;
				CLANG_WARN_DEPRECATED_OBJC_IMPLEMENTATIONS = YES;
				CLANG_WARN_DIRECT_OBJC_ISA_USAGE = YES_ERROR;
				CLANG_WARN_DOCUMENTATION_COMMENTS = YES;
				CLANG_WARN_EMPTY_BODY = YES;
				CLANG_WARN_ENUM_CONVERSION = YES;
				CLANG_WARN_INFINITE_RECURSION = YES;
				CLANG_WARN_INT_CONVERSION = YES;
				CLANG_WARN_NON_LITERAL_NULL_CONVERSION = YES;
				CLANG_WARN_OBJC_IMPLICIT_RETAIN_SELF = YES;
				CLANG_WARN_OBJC_LITERAL_CONVERSION = YES;
				CLANG_WARN_OBJC_ROOT_CLASS = YES_ERROR;
				CLANG_WARN_QUOTED_INCLUDE_IN_FRAMEWORK_HEADER = YES;
				CLANG_WARN_RANGE_LOOP_ANALYSIS = YES;
				CLANG_WARN_STRICT_PROTOTYPES = YES;
				CLANG_WARN_SUSPICIOUS_MOVE = YES;
				CLANG_WARN_UNGUARDED_AVAILABILITY = YES_AGGRESSIVE;
				CLANG_WARN_UNREACHABLE_CODE = YES;
				CLANG_WARN__DUPLICATE_METHOD_MATCH = YES;
				COPY_PHASE_STRIP = NO;
				DEBUG_INFORMATION_FORMAT = dwarf;
				ENABLE_STRICT_OBJC_MSGSEND = YES;
				ENABLE_TESTABILITY = YES;
				GCC_C_LANGUAGE_STANDARD = gnu11;
				GCC_DYNAMIC_NO_PIC = NO;
				GCC_NO_COMMON_BLOCKS = YES;
				GCC_OPTIMIZATION_LEVEL = 0;
				GCC_PREPROCESSOR_DEFINITIONS = (
					"DEBUG=1",
					"$(inherited)",
				);
				GCC_WARN_64_TO_32_BIT_CONVERSION = YES;
				GCC_WARN_ABOUT_RETURN_TYPE = YES_ERROR;
				GCC_WARN_UNDECLARED_SELECTOR = YES;
				GCC_WARN_UNINITIALIZED_AUTOS = YES_AGGRESSIVE;
				GCC_WARN_UNUSED_FUNCTION = YES;
				GCC_WARN_UNUSED_VARIABLE = YES;
				IPHONEOS_DEPLOYMENT_TARGET = 14.5;
				MTL_ENABLE_DEBUG_INFO = INCLUDE_SOURCE;
				MTL_FAST_MATH = YES;
				ONLY_ACTIVE_ARCH = YES;
				SDKROOT = iphoneos;
				SWIFT_ACTIVE_COMPILATION_CONDITIONS = DEBUG;
				SWIFT_OPTIMIZATION_LEVEL = "-Onone";
			};
			name = Debug;
		};
		BCD781142694D553003D3D9A /* Release */ = {
			isa = XCBuildConfiguration;
			buildSettings = {
				ALWAYS_SEARCH_USER_PATHS = NO;
				CLANG_ANALYZER_NONNULL = YES;
				CLANG_ANALYZER_NUMBER_OBJECT_CONVERSION = YES_AGGRESSIVE;
				CLANG_CXX_LANGUAGE_STANDARD = "gnu++14";
				CLANG_CXX_LIBRARY = "libc++";
				CLANG_ENABLE_MODULES = YES;
				CLANG_ENABLE_OBJC_ARC = YES;
				CLANG_ENABLE_OBJC_WEAK = YES;
				CLANG_WARN_BLOCK_CAPTURE_AUTORELEASING = YES;
				CLANG_WARN_BOOL_CONVERSION = YES;
				CLANG_WARN_COMMA = YES;
				CLANG_WARN_CONSTANT_CONVERSION = YES;
				CLANG_WARN_DEPRECATED_OBJC_IMPLEMENTATIONS = YES;
				CLANG_WARN_DIRECT_OBJC_ISA_USAGE = YES_ERROR;
				CLANG_WARN_DOCUMENTATION_COMMENTS = YES;
				CLANG_WARN_EMPTY_BODY = YES;
				CLANG_WARN_ENUM_CONVERSION = YES;
				CLANG_WARN_INFINITE_RECURSION = YES;
				CLANG_WARN_INT_CONVERSION = YES;
				CLANG_WARN_NON_LITERAL_NULL_CONVERSION = YES;
				CLANG_WARN_OBJC_IMPLICIT_RETAIN_SELF = YES;
				CLANG_WARN_OBJC_LITERAL_CONVERSION = YES;
				CLANG_WARN_OBJC_ROOT_CLASS = YES_ERROR;
				CLANG_WARN_QUOTED_INCLUDE_IN_FRAMEWORK_HEADER = YES;
				CLANG_WARN_RANGE_LOOP_ANALYSIS = YES;
				CLANG_WARN_STRICT_PROTOTYPES = YES;
				CLANG_WARN_SUSPICIOUS_MOVE = YES;
				CLANG_WARN_UNGUARDED_AVAILABILITY = YES_AGGRESSIVE;
				CLANG_WARN_UNREACHABLE_CODE = YES;
				CLANG_WARN__DUPLICATE_METHOD_MATCH = YES;
				COPY_PHASE_STRIP = NO;
				DEBUG_INFORMATION_FORMAT = "dwarf-with-dsym";
				ENABLE_NS_ASSERTIONS = NO;
				ENABLE_STRICT_OBJC_MSGSEND = YES;
				GCC_C_LANGUAGE_STANDARD = gnu11;
				GCC_NO_COMMON_BLOCKS = YES;
				GCC_WARN_64_TO_32_BIT_CONVERSION = YES;
				GCC_WARN_ABOUT_RETURN_TYPE = YES_ERROR;
				GCC_WARN_UNDECLARED_SELECTOR = YES;
				GCC_WARN_UNINITIALIZED_AUTOS = YES_AGGRESSIVE;
				GCC_WARN_UNUSED_FUNCTION = YES;
				GCC_WARN_UNUSED_VARIABLE = YES;
				IPHONEOS_DEPLOYMENT_TARGET = 14.5;
				MTL_ENABLE_DEBUG_INFO = NO;
				MTL_FAST_MATH = YES;
				SDKROOT = iphoneos;
				SWIFT_COMPILATION_MODE = wholemodule;
				SWIFT_OPTIMIZATION_LEVEL = "-O";
				VALIDATE_PRODUCT = YES;
			};
			name = Release;
		};
		BCD781162694D553003D3D9A /* Debug */ = {
			isa = XCBuildConfiguration;
			buildSettings = {
				ALWAYS_EMBED_SWIFT_STANDARD_LIBRARIES = YES;
				ASSETCATALOG_COMPILER_APPICON_NAME = AppIcon;
				ASSETCATALOG_COMPILER_GLOBAL_ACCENT_COLOR_NAME = AccentColor;
				CODE_SIGN_ENTITLEMENTS = "Meus Eventos.entitlements";
				CODE_SIGN_STYLE = Automatic;
				DEVELOPMENT_ASSET_PATHS = "\"SwiftUITeste/Preview Content\"";
				DEVELOPMENT_TEAM = 9YPJ8Q5GZ7;
				ENABLE_PREVIEWS = YES;
				INFOPLIST_FILE = SwiftUITeste/Info.plist;
				INFOPLIST_KEY_CFBundleDisplayName = Eventos;
				IPHONEOS_DEPLOYMENT_TARGET = 14.0;
				LD_RUNPATH_SEARCH_PATHS = (
					"$(inherited)",
					"@executable_path/Frameworks",
				);
				PRODUCT_BUNDLE_IDENTIFIER = br.com.SwiftUITeste;
				PRODUCT_NAME = "$(TARGET_NAME)";
				SWIFT_VERSION = 5.0;
				TARGETED_DEVICE_FAMILY = "1,2";
			};
			name = Debug;
		};
		BCD781172694D553003D3D9A /* Release */ = {
			isa = XCBuildConfiguration;
			buildSettings = {
				ALWAYS_EMBED_SWIFT_STANDARD_LIBRARIES = YES;
				ASSETCATALOG_COMPILER_APPICON_NAME = AppIcon;
				ASSETCATALOG_COMPILER_GLOBAL_ACCENT_COLOR_NAME = AccentColor;
				CODE_SIGN_ENTITLEMENTS = "Meus Eventos.entitlements";
				CODE_SIGN_STYLE = Automatic;
				DEVELOPMENT_ASSET_PATHS = "\"SwiftUITeste/Preview Content\"";
				DEVELOPMENT_TEAM = 9YPJ8Q5GZ7;
				ENABLE_PREVIEWS = YES;
				INFOPLIST_FILE = SwiftUITeste/Info.plist;
				INFOPLIST_KEY_CFBundleDisplayName = Eventos;
				IPHONEOS_DEPLOYMENT_TARGET = 14.0;
				LD_RUNPATH_SEARCH_PATHS = (
					"$(inherited)",
					"@executable_path/Frameworks",
				);
				PRODUCT_BUNDLE_IDENTIFIER = br.com.SwiftUITeste;
				PRODUCT_NAME = "$(TARGET_NAME)";
				SWIFT_VERSION = 5.0;
				TARGETED_DEVICE_FAMILY = "1,2";
			};
			name = Release;
		};
		BCD781192694D553003D3D9A /* Debug */ = {
			isa = XCBuildConfiguration;
			buildSettings = {
				ALWAYS_EMBED_SWIFT_STANDARD_LIBRARIES = YES;
				BUNDLE_LOADER = "$(TEST_HOST)";
				CODE_SIGN_STYLE = Automatic;
				INFOPLIST_FILE = SwiftUITesteTests/Info.plist;
				IPHONEOS_DEPLOYMENT_TARGET = 14.0;
				LD_RUNPATH_SEARCH_PATHS = (
					"$(inherited)",
					"@executable_path/Frameworks",
					"@loader_path/Frameworks",
				);
				PRODUCT_BUNDLE_IDENTIFIER = br.com.SwiftUITesteTests;
				PRODUCT_NAME = "$(TARGET_NAME)";
				SWIFT_VERSION = 5.0;
				TARGETED_DEVICE_FAMILY = "1,2";
				TEST_HOST = "$(BUILT_PRODUCTS_DIR)/SwiftUITeste.app/SwiftUITeste";
			};
			name = Debug;
		};
		BCD7811A2694D553003D3D9A /* Release */ = {
			isa = XCBuildConfiguration;
			buildSettings = {
				ALWAYS_EMBED_SWIFT_STANDARD_LIBRARIES = YES;
				BUNDLE_LOADER = "$(TEST_HOST)";
				CODE_SIGN_STYLE = Automatic;
				INFOPLIST_FILE = SwiftUITesteTests/Info.plist;
				IPHONEOS_DEPLOYMENT_TARGET = 14.0;
				LD_RUNPATH_SEARCH_PATHS = (
					"$(inherited)",
					"@executable_path/Frameworks",
					"@loader_path/Frameworks",
				);
				PRODUCT_BUNDLE_IDENTIFIER = br.com.SwiftUITesteTests;
				PRODUCT_NAME = "$(TARGET_NAME)";
				SWIFT_VERSION = 5.0;
				TARGETED_DEVICE_FAMILY = "1,2";
				TEST_HOST = "$(BUILT_PRODUCTS_DIR)/SwiftUITeste.app/SwiftUITeste";
			};
			name = Release;
		};
		BCD7811C2694D553003D3D9A /* Debug */ = {
			isa = XCBuildConfiguration;
			buildSettings = {
				ALWAYS_EMBED_SWIFT_STANDARD_LIBRARIES = YES;
				CODE_SIGN_STYLE = Automatic;
				INFOPLIST_FILE = SwiftUITesteUITests/Info.plist;
				LD_RUNPATH_SEARCH_PATHS = (
					"$(inherited)",
					"@executable_path/Frameworks",
					"@loader_path/Frameworks",
				);
				PRODUCT_BUNDLE_IDENTIFIER = br.com.SwiftUITesteUITests;
				PRODUCT_NAME = "$(TARGET_NAME)";
				SWIFT_VERSION = 5.0;
				TARGETED_DEVICE_FAMILY = "1,2";
				TEST_TARGET_NAME = SwiftUITeste;
			};
			name = Debug;
		};
		BCD7811D2694D553003D3D9A /* Release */ = {
			isa = XCBuildConfiguration;
			buildSettings = {
				ALWAYS_EMBED_SWIFT_STANDARD_LIBRARIES = YES;
				CODE_SIGN_STYLE = Automatic;
				INFOPLIST_FILE = SwiftUITesteUITests/Info.plist;
				LD_RUNPATH_SEARCH_PATHS = (
					"$(inherited)",
					"@executable_path/Frameworks",
					"@loader_path/Frameworks",
				);
				PRODUCT_BUNDLE_IDENTIFIER = br.com.SwiftUITesteUITests;
				PRODUCT_NAME = "$(TARGET_NAME)";
				SWIFT_VERSION = 5.0;
				TARGETED_DEVICE_FAMILY = "1,2";
				TEST_TARGET_NAME = SwiftUITeste;
			};
			name = Release;
		};
/* End XCBuildConfiguration section */

/* Begin XCConfigurationList section */
		7E86E7DC2A742C4900F324E5 /* Build configuration list for PBXNativeTarget "EventListWidgetiOSExtension" */ = {
			isa = XCConfigurationList;
			buildConfigurations = (
				7E86E7DD2A742C4900F324E5 /* Debug */,
				7E86E7DE2A742C4900F324E5 /* Release */,
			);
			defaultConfigurationIsVisible = 0;
			defaultConfigurationName = Release;
		};
		BCD780EB2694D54F003D3D9A /* Build configuration list for PBXProject "SwiftUITeste" */ = {
			isa = XCConfigurationList;
			buildConfigurations = (
				BCD781132694D553003D3D9A /* Debug */,
				BCD781142694D553003D3D9A /* Release */,
			);
			defaultConfigurationIsVisible = 0;
			defaultConfigurationName = Release;
		};
		BCD781152694D553003D3D9A /* Build configuration list for PBXNativeTarget "Meus Eventos" */ = {
			isa = XCConfigurationList;
			buildConfigurations = (
				BCD781162694D553003D3D9A /* Debug */,
				BCD781172694D553003D3D9A /* Release */,
			);
			defaultConfigurationIsVisible = 0;
			defaultConfigurationName = Release;
		};
		BCD781182694D553003D3D9A /* Build configuration list for PBXNativeTarget "SwiftUITesteTests" */ = {
			isa = XCConfigurationList;
			buildConfigurations = (
				BCD781192694D553003D3D9A /* Debug */,
				BCD7811A2694D553003D3D9A /* Release */,
			);
			defaultConfigurationIsVisible = 0;
			defaultConfigurationName = Release;
		};
		BCD7811B2694D553003D3D9A /* Build configuration list for PBXNativeTarget "SwiftUITesteUITests" */ = {
			isa = XCConfigurationList;
			buildConfigurations = (
				BCD7811C2694D553003D3D9A /* Debug */,
				BCD7811D2694D553003D3D9A /* Release */,
			);
			defaultConfigurationIsVisible = 0;
			defaultConfigurationName = Release;
		};
/* End XCConfigurationList section */

/* Begin XCRemoteSwiftPackageReference section */
		BCD33512269C89A700FD0013 /* XCRemoteSwiftPackageReference "SwiftDate" */ = {
			isa = XCRemoteSwiftPackageReference;
			repositoryURL = "https://github.com/malcommac/SwiftDate.git";
			requirement = {
				kind = upToNextMajorVersion;
				minimumVersion = 6.3.1;
			};
		};
		BCD33517269CB6A900FD0013 /* XCRemoteSwiftPackageReference "UIColor-Hex-Swift" */ = {
			isa = XCRemoteSwiftPackageReference;
			repositoryURL = "https://github.com/yeahdongcn/UIColor-Hex-Swift.git";
			requirement = {
				kind = upToNextMajorVersion;
				minimumVersion = 5.1.1;
			};
		};
/* End XCRemoteSwiftPackageReference section */

/* Begin XCSwiftPackageProductDependency section */
		7E86E7E02A74300900F324E5 /* SwiftDate */ = {
			isa = XCSwiftPackageProductDependency;
			package = BCD33512269C89A700FD0013 /* XCRemoteSwiftPackageReference "SwiftDate" */;
			productName = SwiftDate;
		};
		7E86E7E22A74300D00F324E5 /* UIColor_Hex_Swift */ = {
			isa = XCSwiftPackageProductDependency;
			package = BCD33517269CB6A900FD0013 /* XCRemoteSwiftPackageReference "UIColor-Hex-Swift" */;
			productName = UIColor_Hex_Swift;
		};
		BCD33513269C89A700FD0013 /* SwiftDate */ = {
			isa = XCSwiftPackageProductDependency;
			package = BCD33512269C89A700FD0013 /* XCRemoteSwiftPackageReference "SwiftDate" */;
			productName = SwiftDate;
		};
		BCD33518269CB6A900FD0013 /* UIColor_Hex_Swift */ = {
			isa = XCSwiftPackageProductDependency;
			package = BCD33517269CB6A900FD0013 /* XCRemoteSwiftPackageReference "UIColor-Hex-Swift" */;
			productName = UIColor_Hex_Swift;
		};
/* End XCSwiftPackageProductDependency section */
	};
	rootObject = BCD780E82694D54F003D3D9A /* Project object */;
}
